
Microsoft Visual Studio Solution File, Format Version 12.00
# Visual Studio Version 16
VisualStudioVersion = 16.0.30014.187
MinimumVisualStudioVersion = 10.0.40219.1
Project("{FAE04EC0-301F-11D3-BF4B-00C04F79EFBC}") = "Plotly.Blazor", "Plotly.Blazor\Plotly.Blazor.csproj", "{7E94B2CC-D010-4EE2-AC65-C7630D160158}"
EndProject
Global
	GlobalSection(SolutionConfigurationPlatforms) = preSolution
		Debug|Any CPU = Debug|Any CPU
		Release|Any CPU = Release|Any CPU
	EndGlobalSection
	GlobalSection(ProjectConfigurationPlatforms) = postSolution
		{7E94B2CC-D010-4EE2-AC65-C7630D160158}.Debug|Any CPU.ActiveCfg = Debug|Any CPU
		{7E94B2CC-D010-4EE2-AC65-C7630D160158}.Debug|Any CPU.Build.0 = Debug|Any CPU
		{7E94B2CC-D010-4EE2-AC65-C7630D160158}.Release|Any CPU.ActiveCfg = Release|Any CPU
		{7E94B2CC-D010-4EE2-AC65-C7630D160158}.Release|Any CPU.Build.0 = Release|Any CPU
	EndGlobalSection
	GlobalSection(SolutionProperties) = preSolution
		HideSolutionNode = FALSE
	EndGlobalSection
	GlobalSection(ExtensibilityGlobals) = postSolution
		SolutionGuid = {D5B3751C-1F00-4FB1-A0B7-C41F08721A76}
	EndGlobalSection
EndGlobal
